
Microsoft Visual Studio Solution File, Format Version 12.00
# Visual Studio 15
VisualStudioVersion = 15.0.26403.0
MinimumVisualStudioVersion = 10.0.40219.1
Project("{2150E333-8FDC-42A3-9474-1A3956D46DE8}") = "Policies", "Policies", "{19A225F5-DD9A-404A-852A-3B93FAB3046D}"
	ProjectSection(SolutionItems) = preProject
		Policies\b2ctechready.onmicrosoft.com_B2C_1A_activation.xml = Policies\b2ctechready.onmicrosoft.com_B2C_1A_activation.xml
		Policies\b2ctechready.onmicrosoft.com_B2C_1A_base.xml = Policies\b2ctechready.onmicrosoft.com_B2C_1A_base.xml
		Policies\b2ctechready.onmicrosoft.com_B2C_1A_base_extensions.xml = Policies\b2ctechready.onmicrosoft.com_B2C_1A_base_extensions.xml
		Policies\b2ctechready.onmicrosoft.com_B2C_1A_invitation.xml = Policies\b2ctechready.onmicrosoft.com_B2C_1A_invitation.xml
		Policies\b2ctechready.onmicrosoft.com_B2C_1A_link.xml = Policies\b2ctechready.onmicrosoft.com_B2C_1A_link.xml
		Policies\b2ctechready.onmicrosoft.com_B2C_1A_password_reset.xml = Policies\b2ctechready.onmicrosoft.com_B2C_1A_password_reset.xml
		Policies\b2ctechready.onmicrosoft.com_B2C_1A_profile_update_games.xml = Policies\b2ctechready.onmicrosoft.com_B2C_1A_profile_update_games.xml
		Policies\b2ctechready.onmicrosoft.com_B2C_1A_profile_update_music.xml = Policies\b2ctechready.onmicrosoft.com_B2C_1A_profile_update_music.xml
		Policies\b2ctechready.onmicrosoft.com_B2C_1A_sign_in_billing.xml = Policies\b2ctechready.onmicrosoft.com_B2C_1A_sign_in_billing.xml
		Policies\b2ctechready.onmicrosoft.com_B2C_1A_sign_in_games_email_code.xml = Policies\b2ctechready.onmicrosoft.com_B2C_1A_sign_in_games_email_code.xml
		Policies\b2ctechready.onmicrosoft.com_B2C_1A_sign_in_games_phone_code.xml = Policies\b2ctechready.onmicrosoft.com_B2C_1A_sign_in_games_phone_code.xml
		Policies\b2ctechready.onmicrosoft.com_B2C_1A_sign_up_sign_in_games.xml = Policies\b2ctechready.onmicrosoft.com_B2C_1A_sign_up_sign_in_games.xml
		Policies\b2ctechready.onmicrosoft.com_B2C_1A_sign_up_sign_in_music.xml = Policies\b2ctechready.onmicrosoft.com_B2C_1A_sign_up_sign_in_music.xml
		Policies\b2ctechready.onmicrosoft.com_B2C_1A_step_up.xml = Policies\b2ctechready.onmicrosoft.com_B2C_1A_step_up.xml
	EndProjectSection
EndProject
Project("{2150E333-8FDC-42A3-9474-1A3956D46DE8}") = "Reports", "Reports", "{4F16D3FF-EC29-42A2-8655-DFA35E059BEB}"
	ProjectSection(SolutionItems) = preProject
		Reports\B2CUserJourneyEvents.csv = Reports\B2CUserJourneyEvents.csv
		Reports\B2CUserJourneyEvents.pbix = Reports\B2CUserJourneyEvents.pbix
		Reports\B2CUserJourneyEvents.ps1 = Reports\B2CUserJourneyEvents.ps1
	EndProjectSection
EndProject
Project("{2150E333-8FDC-42A3-9474-1A3956D46DE8}") = "src", "src", "{630A606A-D9C1-4608-A75F-43526EED5280}"
EndProject
Project("{FAE04EC0-301F-11D3-BF4B-00C04F79EFBC}") = "WingTipBillingWebApplication", "src\WingTipBillingWebApplication\WingTipBillingWebApplication.csproj", "{65EE1402-39E5-480F-8C1E-E76CDE70EFEE}"
EndProject
Project("{FAE04EC0-301F-11D3-BF4B-00C04F79EFBC}") = "WingTipCommon", "src\WingTipCommon\WingTipCommon.csproj", "{0477B1EC-D4B6-4FF3-BD31-4325CD1D0E97}"
EndProject
Project("{FAE04EC0-301F-11D3-BF4B-00C04F79EFBC}") = "WingTipFunctionsApplication", "src\WingTipFunctionsApplication\WingTipFunctionsApplication.csproj", "{B9052C79-9D5F-4790-A9E0-840F073F7A5C}"
EndProject
Project("{FAE04EC0-301F-11D3-BF4B-00C04F79EFBC}") = "WingTipGamesWebApplication", "src\WingTipGamesWebApplication\WingTipGamesWebApplication.csproj", "{8F7042A0-4317-4FC8-86A1-7F4BC2B362A8}"
EndProject
Project("{FAE04EC0-301F-11D3-BF4B-00C04F79EFBC}") = "WingTipIdentityWebApplication", "src\WingTipIdentityWebApplication\WingTipIdentityWebApplication.csproj", "{50EB09EE-060E-4A48-BA26-D8A07FF0B956}"
EndProject
Project("{FAE04EC0-301F-11D3-BF4B-00C04F79EFBC}") = "WingTipMusicWebApplication", "src\WingTipMusicWebApplication\WingTipMusicWebApplication.csproj", "{A0EF70BB-B592-4283-83A6-B7E3DCDD0DFF}"
EndProject
Project("{FAE04EC0-301F-11D3-BF4B-00C04F79EFBC}") = "WingTipToysWebApplication", "src\WingTipToysWebApplication\WingTipToysWebApplication.csproj", "{2E82C75E-EE4E-4A81-808B-A2A7B2DD9A3D}"
EndProject
Project("{FAE04EC0-301F-11D3-BF4B-00C04F79EFBC}") = "WingTipUserJourneyPlayerWebApplication", "src\WingTipUserJourneyPlayerWebApplication\WingTipUserJourneyPlayerWebApplication.csproj", "{FAF833A7-E020-44F9-8857-D1825DA0ED21}"
EndProject
Project("{2150E333-8FDC-42A3-9474-1A3956D46DE8}") = "Templates", "Templates", "{846A1DCB-4B77-4B16-A618-558B4A755FC6}"
	ProjectSection(SolutionItems) = preProject
		Templates\error.html = Templates\error.html
		Templates\idpselection-signin.html = Templates\idpselection-signin.html
		Templates\idpselection-signupsignin.html = Templates\idpselection-signupsignin.html
		Templates\idpselection.html = Templates\idpselection.html
		Templates\localaccount-identification.html = Templates\localaccount-identification.html
		Templates\localaccount-login-emailcode.html = Templates\localaccount-login-emailcode.html
		Templates\localaccount-login.html = Templates\localaccount-login.html
		Templates\localaccount-passwordrecovery.html = Templates\localaccount-passwordrecovery.html
		Templates\localaccount-passwordreset.html = Templates\localaccount-passwordreset.html
		Templates\localaccount-registration.html = Templates\localaccount-registration.html
		Templates\phonefactor.html = Templates\phonefactor.html
		Templates\selfasserted-consent.html = Templates\selfasserted-consent.html
		Templates\selfasserted-listenerprofileupdate.html = Templates\selfasserted-listenerprofileupdate.html
		Templates\selfasserted-playerprofileregistration-basic.html = Templates\selfasserted-playerprofileregistration-basic.html
		Templates\selfasserted-playerprofileregistration-full.html = Templates\selfasserted-playerprofileregistration-full.html
		Templates\selfasserted-playerprofileupdate.html = Templates\selfasserted-playerprofileupdate.html
		Templates\signupsignin.html = Templates\signupsignin.html
		Templates\socialaccount-registration.html = Templates\socialaccount-registration.html
	EndProjectSection
EndProject
Project("{2150E333-8FDC-42A3-9474-1A3956D46DE8}") = "css", "css", "{B1947906-3328-4248-8BAC-2EC1952C9092}"
	ProjectSection(SolutionItems) = preProject
		Templates\css\global.css = Templates\css\global.css
	EndProjectSection
EndProject
Project("{2150E333-8FDC-42A3-9474-1A3956D46DE8}") = "fonts", "fonts", "{07BFD529-8065-4880-9C3E-90D690A3DFFE}"
	ProjectSection(SolutionItems) = preProject
		Templates\fonts\glyphicons-halflings-regular.eot = Templates\fonts\glyphicons-halflings-regular.eot
		Templates\fonts\glyphicons-halflings-regular.svg = Templates\fonts\glyphicons-halflings-regular.svg
		Templates\fonts\glyphicons-halflings-regular.ttf = Templates\fonts\glyphicons-halflings-regular.ttf
		Templates\fonts\glyphicons-halflings-regular.woff = Templates\fonts\glyphicons-halflings-regular.woff
		Templates\fonts\Ubuntu-Bold.ttf = Templates\fonts\Ubuntu-Bold.ttf
		Templates\fonts\Ubuntu-Regular.ttf = Templates\fonts\Ubuntu-Regular.ttf
	EndProjectSection
EndProject
Project("{2150E333-8FDC-42A3-9474-1A3956D46DE8}") = "images", "images", "{0A16CBA3-5C5C-4983-BF8F-8C91F423F4A6}"
	ProjectSection(SolutionItems) = preProject
		Templates\images\activedirectory.png = Templates\images\activedirectory.png
		Templates\images\amazon.png = Templates\images\amazon.png
		Templates\images\background.jpg = Templates\images\background.jpg
		Templates\images\facebook.png = Templates\images\facebook.png
		Templates\images\googleplus.png = Templates\images\googleplus.png
		Templates\images\logo.png = Templates\images\logo.png
		Templates\images\microsoft.png = Templates\images\microsoft.png
		Templates\images\wingtipcorp.png = Templates\images\wingtipcorp.png
		Templates\images\wingtiptoys.png = Templates\images\wingtiptoys.png
	EndProjectSection
EndProject
Project("{2150E333-8FDC-42A3-9474-1A3956D46DE8}") = "js", "js", "{3ED8DF35-B118-4362-B560-13724483CCDB}"
	ProjectSection(SolutionItems) = preProject
		Templates\js\analytics.js = Templates\js\analytics.js
		Templates\js\selfasserted-listenerprofileupdate.js = Templates\js\selfasserted-listenerprofileupdate.js
		Templates\js\selfasserted-playerprofileregistration-basic.js = Templates\js\selfasserted-playerprofileregistration-basic.js
		Templates\js\selfasserted-playerprofileregistration-full.js = Templates\js\selfasserted-playerprofileregistration-full.js
		Templates\js\selfasserted-playerprofileupdate.js = Templates\js\selfasserted-playerprofileupdate.js
	EndProjectSection
EndProject
Global
	GlobalSection(SolutionConfigurationPlatforms) = preSolution
		Debug|Any CPU = Debug|Any CPU
		Release|Any CPU = Release|Any CPU
	EndGlobalSection
	GlobalSection(ProjectConfigurationPlatforms) = postSolution
		{65EE1402-39E5-480F-8C1E-E76CDE70EFEE}.Debug|Any CPU.ActiveCfg = Debug|Any CPU
		{65EE1402-39E5-480F-8C1E-E76CDE70EFEE}.Debug|Any CPU.Build.0 = Debug|Any CPU
		{65EE1402-39E5-480F-8C1E-E76CDE70EFEE}.Release|Any CPU.ActiveCfg = Release|Any CPU
		{65EE1402-39E5-480F-8C1E-E76CDE70EFEE}.Release|Any CPU.Build.0 = Release|Any CPU
		{0477B1EC-D4B6-4FF3-BD31-4325CD1D0E97}.Debug|Any CPU.ActiveCfg = Debug|Any CPU
		{0477B1EC-D4B6-4FF3-BD31-4325CD1D0E97}.Debug|Any CPU.Build.0 = Debug|Any CPU
		{0477B1EC-D4B6-4FF3-BD31-4325CD1D0E97}.Release|Any CPU.ActiveCfg = Release|Any CPU
		{0477B1EC-D4B6-4FF3-BD31-4325CD1D0E97}.Release|Any CPU.Build.0 = Release|Any CPU
		{B9052C79-9D5F-4790-A9E0-840F073F7A5C}.Debug|Any CPU.ActiveCfg = Debug|Any CPU
		{B9052C79-9D5F-4790-A9E0-840F073F7A5C}.Debug|Any CPU.Build.0 = Debug|Any CPU
		{B9052C79-9D5F-4790-A9E0-840F073F7A5C}.Release|Any CPU.ActiveCfg = Release|Any CPU
		{B9052C79-9D5F-4790-A9E0-840F073F7A5C}.Release|Any CPU.Build.0 = Release|Any CPU
		{8F7042A0-4317-4FC8-86A1-7F4BC2B362A8}.Debug|Any CPU.ActiveCfg = Debug|Any CPU
		{8F7042A0-4317-4FC8-86A1-7F4BC2B362A8}.Debug|Any CPU.Build.0 = Debug|Any CPU
		{8F7042A0-4317-4FC8-86A1-7F4BC2B362A8}.Release|Any CPU.ActiveCfg = Release|Any CPU
		{8F7042A0-4317-4FC8-86A1-7F4BC2B362A8}.Release|Any CPU.Build.0 = Release|Any CPU
		{50EB09EE-060E-4A48-BA26-D8A07FF0B956}.Debug|Any CPU.ActiveCfg = Debug|Any CPU
		{50EB09EE-060E-4A48-BA26-D8A07FF0B956}.Debug|Any CPU.Build.0 = Debug|Any CPU
		{50EB09EE-060E-4A48-BA26-D8A07FF0B956}.Release|Any CPU.ActiveCfg = Release|Any CPU
		{50EB09EE-060E-4A48-BA26-D8A07FF0B956}.Release|Any CPU.Build.0 = Release|Any CPU
		{A0EF70BB-B592-4283-83A6-B7E3DCDD0DFF}.Debug|Any CPU.ActiveCfg = Debug|Any CPU
		{A0EF70BB-B592-4283-83A6-B7E3DCDD0DFF}.Debug|Any CPU.Build.0 = Debug|Any CPU
		{A0EF70BB-B592-4283-83A6-B7E3DCDD0DFF}.Release|Any CPU.ActiveCfg = Release|Any CPU
		{A0EF70BB-B592-4283-83A6-B7E3DCDD0DFF}.Release|Any CPU.Build.0 = Release|Any CPU
		{2E82C75E-EE4E-4A81-808B-A2A7B2DD9A3D}.Debug|Any CPU.ActiveCfg = Debug|Any CPU
		{2E82C75E-EE4E-4A81-808B-A2A7B2DD9A3D}.Debug|Any CPU.Build.0 = Debug|Any CPU
		{2E82C75E-EE4E-4A81-808B-A2A7B2DD9A3D}.Release|Any CPU.ActiveCfg = Release|Any CPU
		{2E82C75E-EE4E-4A81-808B-A2A7B2DD9A3D}.Release|Any CPU.Build.0 = Release|Any CPU
		{FAF833A7-E020-44F9-8857-D1825DA0ED21}.Debug|Any CPU.ActiveCfg = Debug|Any CPU
		{FAF833A7-E020-44F9-8857-D1825DA0ED21}.Debug|Any CPU.Build.0 = Debug|Any CPU
		{FAF833A7-E020-44F9-8857-D1825DA0ED21}.Release|Any CPU.ActiveCfg = Release|Any CPU
		{FAF833A7-E020-44F9-8857-D1825DA0ED21}.Release|Any CPU.Build.0 = Release|Any CPU
	EndGlobalSection
	GlobalSection(SolutionProperties) = preSolution
		HideSolutionNode = FALSE
	EndGlobalSection
	GlobalSection(NestedProjects) = preSolution
		{65EE1402-39E5-480F-8C1E-E76CDE70EFEE} = {630A606A-D9C1-4608-A75F-43526EED5280}
		{0477B1EC-D4B6-4FF3-BD31-4325CD1D0E97} = {630A606A-D9C1-4608-A75F-43526EED5280}
		{B9052C79-9D5F-4790-A9E0-840F073F7A5C} = {630A606A-D9C1-4608-A75F-43526EED5280}
		{8F7042A0-4317-4FC8-86A1-7F4BC2B362A8} = {630A606A-D9C1-4608-A75F-43526EED5280}
		{50EB09EE-060E-4A48-BA26-D8A07FF0B956} = {630A606A-D9C1-4608-A75F-43526EED5280}
		{A0EF70BB-B592-4283-83A6-B7E3DCDD0DFF} = {630A606A-D9C1-4608-A75F-43526EED5280}
		{2E82C75E-EE4E-4A81-808B-A2A7B2DD9A3D} = {630A606A-D9C1-4608-A75F-43526EED5280}
		{FAF833A7-E020-44F9-8857-D1825DA0ED21} = {630A606A-D9C1-4608-A75F-43526EED5280}
		{B1947906-3328-4248-8BAC-2EC1952C9092} = {846A1DCB-4B77-4B16-A618-558B4A755FC6}
		{07BFD529-8065-4880-9C3E-90D690A3DFFE} = {846A1DCB-4B77-4B16-A618-558B4A755FC6}
		{0A16CBA3-5C5C-4983-BF8F-8C91F423F4A6} = {846A1DCB-4B77-4B16-A618-558B4A755FC6}
		{3ED8DF35-B118-4362-B560-13724483CCDB} = {846A1DCB-4B77-4B16-A618-558B4A755FC6}
	EndGlobalSection
EndGlobal
