
Microsoft Visual Studio Solution File, Format Version 12.00
# Visual Studio 14
VisualStudioVersion = 14.0.25123.0
MinimumVisualStudioVersion = 10.0.40219.1
Project("{FAE04EC0-301F-11D3-BF4B-00C04F79EFBC}") = "B2CAppMobile.Droid", "B2CAppMobile\B2CAppMobile.Droid\B2CAppMobile.Droid.csproj", "{ACF0FA3E-94B6-41EE-9909-C2BC30C88DB6}"
EndProject
Project("{FAE04EC0-301F-11D3-BF4B-00C04F79EFBC}") = "B2CAppMobile.iOS", "B2CAppMobile\B2CAppMobile.iOS\B2CAppMobile.iOS.csproj", "{9A747D0C-FC76-4A7B-851C-4C2747FDA511}"
EndProject
Project("{FAE04EC0-301F-11D3-BF4B-00C04F79EFBC}") = "B2CAppMobile.WinPhone", "B2CAppMobile\B2CAppMobile.WinPhone\B2CAppMobile.WinPhone.csproj", "{246B95C6-D7AD-4619-AE32-C51C8AE34018}"
EndProject
Project("{FAE04EC0-301F-11D3-BF4B-00C04F79EFBC}") = "B2CAppMobile.UWP", "B2CAppMobile\B2CAppMobile.UWP\B2CAppMobile.UWP.csproj", "{973C0EF6-4F27-4C5A-8668-876BCE0E483B}"
EndProject
Project("{FAE04EC0-301F-11D3-BF4B-00C04F79EFBC}") = "B2CAppMobile.Windows", "B2CAppMobile\B2CAppMobile.Windows\B2CAppMobile.Windows.csproj", "{FFA58B72-D1B2-416F-B800-012CE3E8EDEA}"
EndProject
Project("{FAE04EC0-301F-11D3-BF4B-00C04F79EFBC}") = "B2CAppMobile", "B2CAppMobile\B2CAppMobile\B2CAppMobile.csproj", "{0036DB49-F541-4C8E-A4C2-A6D5C4E9C77F}"
EndProject
Global
	GlobalSection(SolutionConfigurationPlatforms) = preSolution
		Ad-Hoc|Any CPU = Ad-Hoc|Any CPU
		Ad-Hoc|ARM = Ad-Hoc|ARM
		Ad-Hoc|iPhone = Ad-Hoc|iPhone
		Ad-Hoc|iPhoneSimulator = Ad-Hoc|iPhoneSimulator
		Ad-Hoc|x64 = Ad-Hoc|x64
		Ad-Hoc|x86 = Ad-Hoc|x86
		AppStore|Any CPU = AppStore|Any CPU
		AppStore|ARM = AppStore|ARM
		AppStore|iPhone = AppStore|iPhone
		AppStore|iPhoneSimulator = AppStore|iPhoneSimulator
		AppStore|x64 = AppStore|x64
		AppStore|x86 = AppStore|x86
		Debug|Any CPU = Debug|Any CPU
		Debug|ARM = Debug|ARM
		Debug|iPhone = Debug|iPhone
		Debug|iPhoneSimulator = Debug|iPhoneSimulator
		Debug|x64 = Debug|x64
		Debug|x86 = Debug|x86
		Release|Any CPU = Release|Any CPU
		Release|ARM = Release|ARM
		Release|iPhone = Release|iPhone
		Release|iPhoneSimulator = Release|iPhoneSimulator
		Release|x64 = Release|x64
		Release|x86 = Release|x86
	EndGlobalSection
	GlobalSection(ProjectConfigurationPlatforms) = postSolution
		{ACF0FA3E-94B6-41EE-9909-C2BC30C88DB6}.Ad-Hoc|Any CPU.ActiveCfg = Release|Any CPU
		{ACF0FA3E-94B6-41EE-9909-C2BC30C88DB6}.Ad-Hoc|Any CPU.Build.0 = Release|Any CPU
		{ACF0FA3E-94B6-41EE-9909-C2BC30C88DB6}.Ad-Hoc|Any CPU.Deploy.0 = Release|Any CPU
		{ACF0FA3E-94B6-41EE-9909-C2BC30C88DB6}.Ad-Hoc|ARM.ActiveCfg = Release|Any CPU
		{ACF0FA3E-94B6-41EE-9909-C2BC30C88DB6}.Ad-Hoc|ARM.Build.0 = Release|Any CPU
		{ACF0FA3E-94B6-41EE-9909-C2BC30C88DB6}.Ad-Hoc|ARM.Deploy.0 = Release|Any CPU
		{ACF0FA3E-94B6-41EE-9909-C2BC30C88DB6}.Ad-Hoc|iPhone.ActiveCfg = Release|Any CPU
		{ACF0FA3E-94B6-41EE-9909-C2BC30C88DB6}.Ad-Hoc|iPhone.Build.0 = Release|Any CPU
		{ACF0FA3E-94B6-41EE-9909-C2BC30C88DB6}.Ad-Hoc|iPhone.Deploy.0 = Release|Any CPU
		{ACF0FA3E-94B6-41EE-9909-C2BC30C88DB6}.Ad-Hoc|iPhoneSimulator.ActiveCfg = Release|Any CPU
		{ACF0FA3E-94B6-41EE-9909-C2BC30C88DB6}.Ad-Hoc|iPhoneSimulator.Build.0 = Release|Any CPU
		{ACF0FA3E-94B6-41EE-9909-C2BC30C88DB6}.Ad-Hoc|iPhoneSimulator.Deploy.0 = Release|Any CPU
		{ACF0FA3E-94B6-41EE-9909-C2BC30C88DB6}.Ad-Hoc|x64.ActiveCfg = Release|Any CPU
		{ACF0FA3E-94B6-41EE-9909-C2BC30C88DB6}.Ad-Hoc|x64.Build.0 = Release|Any CPU
		{ACF0FA3E-94B6-41EE-9909-C2BC30C88DB6}.Ad-Hoc|x64.Deploy.0 = Release|Any CPU
		{ACF0FA3E-94B6-41EE-9909-C2BC30C88DB6}.Ad-Hoc|x86.ActiveCfg = Release|Any CPU
		{ACF0FA3E-94B6-41EE-9909-C2BC30C88DB6}.Ad-Hoc|x86.Build.0 = Release|Any CPU
		{ACF0FA3E-94B6-41EE-9909-C2BC30C88DB6}.Ad-Hoc|x86.Deploy.0 = Release|Any CPU
		{ACF0FA3E-94B6-41EE-9909-C2BC30C88DB6}.AppStore|Any CPU.ActiveCfg = Release|Any CPU
		{ACF0FA3E-94B6-41EE-9909-C2BC30C88DB6}.AppStore|Any CPU.Build.0 = Release|Any CPU
		{ACF0FA3E-94B6-41EE-9909-C2BC30C88DB6}.AppStore|Any CPU.Deploy.0 = Release|Any CPU
		{ACF0FA3E-94B6-41EE-9909-C2BC30C88DB6}.AppStore|ARM.ActiveCfg = Release|Any CPU
		{ACF0FA3E-94B6-41EE-9909-C2BC30C88DB6}.AppStore|ARM.Build.0 = Release|Any CPU
		{ACF0FA3E-94B6-41EE-9909-C2BC30C88DB6}.AppStore|ARM.Deploy.0 = Release|Any CPU
		{ACF0FA3E-94B6-41EE-9909-C2BC30C88DB6}.AppStore|iPhone.ActiveCfg = Release|Any CPU
		{ACF0FA3E-94B6-41EE-9909-C2BC30C88DB6}.AppStore|iPhone.Build.0 = Release|Any CPU
		{ACF0FA3E-94B6-41EE-9909-C2BC30C88DB6}.AppStore|iPhone.Deploy.0 = Release|Any CPU
		{ACF0FA3E-94B6-41EE-9909-C2BC30C88DB6}.AppStore|iPhoneSimulator.ActiveCfg = Release|Any CPU
		{ACF0FA3E-94B6-41EE-9909-C2BC30C88DB6}.AppStore|iPhoneSimulator.Build.0 = Release|Any CPU
		{ACF0FA3E-94B6-41EE-9909-C2BC30C88DB6}.AppStore|iPhoneSimulator.Deploy.0 = Release|Any CPU
		{ACF0FA3E-94B6-41EE-9909-C2BC30C88DB6}.AppStore|x64.ActiveCfg = Release|Any CPU
		{ACF0FA3E-94B6-41EE-9909-C2BC30C88DB6}.AppStore|x64.Build.0 = Release|Any CPU
		{ACF0FA3E-94B6-41EE-9909-C2BC30C88DB6}.AppStore|x64.Deploy.0 = Release|Any CPU
		{ACF0FA3E-94B6-41EE-9909-C2BC30C88DB6}.AppStore|x86.ActiveCfg = Release|Any CPU
		{ACF0FA3E-94B6-41EE-9909-C2BC30C88DB6}.AppStore|x86.Build.0 = Release|Any CPU
		{ACF0FA3E-94B6-41EE-9909-C2BC30C88DB6}.AppStore|x86.Deploy.0 = Release|Any CPU
		{ACF0FA3E-94B6-41EE-9909-C2BC30C88DB6}.Debug|Any CPU.ActiveCfg = Debug|Any CPU
		{ACF0FA3E-94B6-41EE-9909-C2BC30C88DB6}.Debug|Any CPU.Build.0 = Debug|Any CPU
		{ACF0FA3E-94B6-41EE-9909-C2BC30C88DB6}.Debug|Any CPU.Deploy.0 = Debug|Any CPU
		{ACF0FA3E-94B6-41EE-9909-C2BC30C88DB6}.Debug|ARM.ActiveCfg = Debug|Any CPU
		{ACF0FA3E-94B6-41EE-9909-C2BC30C88DB6}.Debug|ARM.Build.0 = Debug|Any CPU
		{ACF0FA3E-94B6-41EE-9909-C2BC30C88DB6}.Debug|ARM.Deploy.0 = Debug|Any CPU
		{ACF0FA3E-94B6-41EE-9909-C2BC30C88DB6}.Debug|iPhone.ActiveCfg = Debug|Any CPU
		{ACF0FA3E-94B6-41EE-9909-C2BC30C88DB6}.Debug|iPhone.Build.0 = Debug|Any CPU
		{ACF0FA3E-94B6-41EE-9909-C2BC30C88DB6}.Debug|iPhone.Deploy.0 = Debug|Any CPU
		{ACF0FA3E-94B6-41EE-9909-C2BC30C88DB6}.Debug|iPhoneSimulator.ActiveCfg = Debug|Any CPU
		{ACF0FA3E-94B6-41EE-9909-C2BC30C88DB6}.Debug|iPhoneSimulator.Build.0 = Debug|Any CPU
		{ACF0FA3E-94B6-41EE-9909-C2BC30C88DB6}.Debug|iPhoneSimulator.Deploy.0 = Debug|Any CPU
		{ACF0FA3E-94B6-41EE-9909-C2BC30C88DB6}.Debug|x64.ActiveCfg = Debug|Any CPU
		{ACF0FA3E-94B6-41EE-9909-C2BC30C88DB6}.Debug|x64.Build.0 = Debug|Any CPU
		{ACF0FA3E-94B6-41EE-9909-C2BC30C88DB6}.Debug|x64.Deploy.0 = Debug|Any CPU
		{ACF0FA3E-94B6-41EE-9909-C2BC30C88DB6}.Debug|x86.ActiveCfg = Debug|Any CPU
		{ACF0FA3E-94B6-41EE-9909-C2BC30C88DB6}.Debug|x86.Build.0 = Debug|Any CPU
		{ACF0FA3E-94B6-41EE-9909-C2BC30C88DB6}.Debug|x86.Deploy.0 = Debug|Any CPU
		{ACF0FA3E-94B6-41EE-9909-C2BC30C88DB6}.Release|Any CPU.ActiveCfg = Release|Any CPU
		{ACF0FA3E-94B6-41EE-9909-C2BC30C88DB6}.Release|Any CPU.Build.0 = Release|Any CPU
		{ACF0FA3E-94B6-41EE-9909-C2BC30C88DB6}.Release|Any CPU.Deploy.0 = Release|Any CPU
		{ACF0FA3E-94B6-41EE-9909-C2BC30C88DB6}.Release|ARM.ActiveCfg = Release|Any CPU
		{ACF0FA3E-94B6-41EE-9909-C2BC30C88DB6}.Release|ARM.Build.0 = Release|Any CPU
		{ACF0FA3E-94B6-41EE-9909-C2BC30C88DB6}.Release|ARM.Deploy.0 = Release|Any CPU
		{ACF0FA3E-94B6-41EE-9909-C2BC30C88DB6}.Release|iPhone.ActiveCfg = Release|Any CPU
		{ACF0FA3E-94B6-41EE-9909-C2BC30C88DB6}.Release|iPhone.Build.0 = Release|Any CPU
		{ACF0FA3E-94B6-41EE-9909-C2BC30C88DB6}.Release|iPhone.Deploy.0 = Release|Any CPU
		{ACF0FA3E-94B6-41EE-9909-C2BC30C88DB6}.Release|iPhoneSimulator.ActiveCfg = Release|Any CPU
		{ACF0FA3E-94B6-41EE-9909-C2BC30C88DB6}.Release|iPhoneSimulator.Build.0 = Release|Any CPU
		{ACF0FA3E-94B6-41EE-9909-C2BC30C88DB6}.Release|iPhoneSimulator.Deploy.0 = Release|Any CPU
		{ACF0FA3E-94B6-41EE-9909-C2BC30C88DB6}.Release|x64.ActiveCfg = Release|Any CPU
		{ACF0FA3E-94B6-41EE-9909-C2BC30C88DB6}.Release|x64.Build.0 = Release|Any CPU
		{ACF0FA3E-94B6-41EE-9909-C2BC30C88DB6}.Release|x64.Deploy.0 = Release|Any CPU
		{ACF0FA3E-94B6-41EE-9909-C2BC30C88DB6}.Release|x86.ActiveCfg = Release|Any CPU
		{ACF0FA3E-94B6-41EE-9909-C2BC30C88DB6}.Release|x86.Build.0 = Release|Any CPU
		{ACF0FA3E-94B6-41EE-9909-C2BC30C88DB6}.Release|x86.Deploy.0 = Release|Any CPU
		{9A747D0C-FC76-4A7B-851C-4C2747FDA511}.Ad-Hoc|Any CPU.ActiveCfg = Ad-Hoc|iPhone
		{9A747D0C-FC76-4A7B-851C-4C2747FDA511}.Ad-Hoc|ARM.ActiveCfg = Ad-Hoc|iPhone
		{9A747D0C-FC76-4A7B-851C-4C2747FDA511}.Ad-Hoc|iPhone.ActiveCfg = Ad-Hoc|iPhone
		{9A747D0C-FC76-4A7B-851C-4C2747FDA511}.Ad-Hoc|iPhone.Build.0 = Ad-Hoc|iPhone
		{9A747D0C-FC76-4A7B-851C-4C2747FDA511}.Ad-Hoc|iPhoneSimulator.ActiveCfg = Ad-Hoc|iPhoneSimulator
		{9A747D0C-FC76-4A7B-851C-4C2747FDA511}.Ad-Hoc|iPhoneSimulator.Build.0 = Ad-Hoc|iPhoneSimulator
		{9A747D0C-FC76-4A7B-851C-4C2747FDA511}.Ad-Hoc|x64.ActiveCfg = Ad-Hoc|iPhone
		{9A747D0C-FC76-4A7B-851C-4C2747FDA511}.Ad-Hoc|x86.ActiveCfg = Ad-Hoc|iPhone
		{9A747D0C-FC76-4A7B-851C-4C2747FDA511}.AppStore|Any CPU.ActiveCfg = AppStore|iPhone
		{9A747D0C-FC76-4A7B-851C-4C2747FDA511}.AppStore|ARM.ActiveCfg = AppStore|iPhone
		{9A747D0C-FC76-4A7B-851C-4C2747FDA511}.AppStore|iPhone.ActiveCfg = AppStore|iPhone
		{9A747D0C-FC76-4A7B-851C-4C2747FDA511}.AppStore|iPhone.Build.0 = AppStore|iPhone
		{9A747D0C-FC76-4A7B-851C-4C2747FDA511}.AppStore|iPhoneSimulator.ActiveCfg = AppStore|iPhoneSimulator
		{9A747D0C-FC76-4A7B-851C-4C2747FDA511}.AppStore|iPhoneSimulator.Build.0 = AppStore|iPhoneSimulator
		{9A747D0C-FC76-4A7B-851C-4C2747FDA511}.AppStore|x64.ActiveCfg = AppStore|iPhone
		{9A747D0C-FC76-4A7B-851C-4C2747FDA511}.AppStore|x86.ActiveCfg = AppStore|iPhone
		{9A747D0C-FC76-4A7B-851C-4C2747FDA511}.Debug|Any CPU.ActiveCfg = Debug|iPhone
		{9A747D0C-FC76-4A7B-851C-4C2747FDA511}.Debug|ARM.ActiveCfg = Debug|iPhone
		{9A747D0C-FC76-4A7B-851C-4C2747FDA511}.Debug|iPhone.ActiveCfg = Debug|iPhone
		{9A747D0C-FC76-4A7B-851C-4C2747FDA511}.Debug|iPhone.Build.0 = Debug|iPhone
		{9A747D0C-FC76-4A7B-851C-4C2747FDA511}.Debug|iPhoneSimulator.ActiveCfg = Debug|iPhoneSimulator
		{9A747D0C-FC76-4A7B-851C-4C2747FDA511}.Debug|iPhoneSimulator.Build.0 = Debug|iPhoneSimulator
		{9A747D0C-FC76-4A7B-851C-4C2747FDA511}.Debug|x64.ActiveCfg = Debug|iPhone
		{9A747D0C-FC76-4A7B-851C-4C2747FDA511}.Debug|x86.ActiveCfg = Debug|iPhone
		{9A747D0C-FC76-4A7B-851C-4C2747FDA511}.Release|Any CPU.ActiveCfg = Release|iPhone
		{9A747D0C-FC76-4A7B-851C-4C2747FDA511}.Release|ARM.ActiveCfg = Release|iPhone
		{9A747D0C-FC76-4A7B-851C-4C2747FDA511}.Release|iPhone.ActiveCfg = Release|iPhone
		{9A747D0C-FC76-4A7B-851C-4C2747FDA511}.Release|iPhone.Build.0 = Release|iPhone
		{9A747D0C-FC76-4A7B-851C-4C2747FDA511}.Release|iPhoneSimulator.ActiveCfg = Release|iPhoneSimulator
		{9A747D0C-FC76-4A7B-851C-4C2747FDA511}.Release|iPhoneSimulator.Build.0 = Release|iPhoneSimulator
		{9A747D0C-FC76-4A7B-851C-4C2747FDA511}.Release|x64.ActiveCfg = Release|iPhone
		{9A747D0C-FC76-4A7B-851C-4C2747FDA511}.Release|x86.ActiveCfg = Release|iPhone
		{246B95C6-D7AD-4619-AE32-C51C8AE34018}.Ad-Hoc|Any CPU.ActiveCfg = Release|Any CPU
		{246B95C6-D7AD-4619-AE32-C51C8AE34018}.Ad-Hoc|Any CPU.Build.0 = Release|Any CPU
		{246B95C6-D7AD-4619-AE32-C51C8AE34018}.Ad-Hoc|Any CPU.Deploy.0 = Release|Any CPU
		{246B95C6-D7AD-4619-AE32-C51C8AE34018}.Ad-Hoc|ARM.ActiveCfg = Release|ARM
		{246B95C6-D7AD-4619-AE32-C51C8AE34018}.Ad-Hoc|ARM.Build.0 = Release|ARM
		{246B95C6-D7AD-4619-AE32-C51C8AE34018}.Ad-Hoc|ARM.Deploy.0 = Release|ARM
		{246B95C6-D7AD-4619-AE32-C51C8AE34018}.Ad-Hoc|iPhone.ActiveCfg = Release|Any CPU
		{246B95C6-D7AD-4619-AE32-C51C8AE34018}.Ad-Hoc|iPhone.Build.0 = Release|Any CPU
		{246B95C6-D7AD-4619-AE32-C51C8AE34018}.Ad-Hoc|iPhone.Deploy.0 = Release|Any CPU
		{246B95C6-D7AD-4619-AE32-C51C8AE34018}.Ad-Hoc|iPhoneSimulator.ActiveCfg = Release|Any CPU
		{246B95C6-D7AD-4619-AE32-C51C8AE34018}.Ad-Hoc|iPhoneSimulator.Build.0 = Release|Any CPU
		{246B95C6-D7AD-4619-AE32-C51C8AE34018}.Ad-Hoc|iPhoneSimulator.Deploy.0 = Release|Any CPU
		{246B95C6-D7AD-4619-AE32-C51C8AE34018}.Ad-Hoc|x64.ActiveCfg = Release|Any CPU
		{246B95C6-D7AD-4619-AE32-C51C8AE34018}.Ad-Hoc|x64.Build.0 = Release|Any CPU
		{246B95C6-D7AD-4619-AE32-C51C8AE34018}.Ad-Hoc|x64.Deploy.0 = Release|Any CPU
		{246B95C6-D7AD-4619-AE32-C51C8AE34018}.Ad-Hoc|x86.ActiveCfg = Release|x86
		{246B95C6-D7AD-4619-AE32-C51C8AE34018}.Ad-Hoc|x86.Build.0 = Release|x86
		{246B95C6-D7AD-4619-AE32-C51C8AE34018}.Ad-Hoc|x86.Deploy.0 = Release|x86
		{246B95C6-D7AD-4619-AE32-C51C8AE34018}.AppStore|Any CPU.ActiveCfg = Release|Any CPU
		{246B95C6-D7AD-4619-AE32-C51C8AE34018}.AppStore|Any CPU.Build.0 = Release|Any CPU
		{246B95C6-D7AD-4619-AE32-C51C8AE34018}.AppStore|Any CPU.Deploy.0 = Release|Any CPU
		{246B95C6-D7AD-4619-AE32-C51C8AE34018}.AppStore|ARM.ActiveCfg = Release|ARM
		{246B95C6-D7AD-4619-AE32-C51C8AE34018}.AppStore|ARM.Build.0 = Release|ARM
		{246B95C6-D7AD-4619-AE32-C51C8AE34018}.AppStore|ARM.Deploy.0 = Release|ARM
		{246B95C6-D7AD-4619-AE32-C51C8AE34018}.AppStore|iPhone.ActiveCfg = Release|Any CPU
		{246B95C6-D7AD-4619-AE32-C51C8AE34018}.AppStore|iPhone.Build.0 = Release|Any CPU
		{246B95C6-D7AD-4619-AE32-C51C8AE34018}.AppStore|iPhone.Deploy.0 = Release|Any CPU
		{246B95C6-D7AD-4619-AE32-C51C8AE34018}.AppStore|iPhoneSimulator.ActiveCfg = Release|Any CPU
		{246B95C6-D7AD-4619-AE32-C51C8AE34018}.AppStore|iPhoneSimulator.Build.0 = Release|Any CPU
		{246B95C6-D7AD-4619-AE32-C51C8AE34018}.AppStore|iPhoneSimulator.Deploy.0 = Release|Any CPU
		{246B95C6-D7AD-4619-AE32-C51C8AE34018}.AppStore|x64.ActiveCfg = Release|Any CPU
		{246B95C6-D7AD-4619-AE32-C51C8AE34018}.AppStore|x64.Build.0 = Release|Any CPU
		{246B95C6-D7AD-4619-AE32-C51C8AE34018}.AppStore|x64.Deploy.0 = Release|Any CPU
		{246B95C6-D7AD-4619-AE32-C51C8AE34018}.AppStore|x86.ActiveCfg = Release|x86
		{246B95C6-D7AD-4619-AE32-C51C8AE34018}.AppStore|x86.Build.0 = Release|x86
		{246B95C6-D7AD-4619-AE32-C51C8AE34018}.AppStore|x86.Deploy.0 = Release|x86
		{246B95C6-D7AD-4619-AE32-C51C8AE34018}.Debug|Any CPU.ActiveCfg = Debug|Any CPU
		{246B95C6-D7AD-4619-AE32-C51C8AE34018}.Debug|Any CPU.Build.0 = Debug|Any CPU
		{246B95C6-D7AD-4619-AE32-C51C8AE34018}.Debug|Any CPU.Deploy.0 = Debug|Any CPU
		{246B95C6-D7AD-4619-AE32-C51C8AE34018}.Debug|ARM.ActiveCfg = Debug|ARM
		{246B95C6-D7AD-4619-AE32-C51C8AE34018}.Debug|ARM.Build.0 = Debug|ARM
		{246B95C6-D7AD-4619-AE32-C51C8AE34018}.Debug|ARM.Deploy.0 = Debug|ARM
		{246B95C6-D7AD-4619-AE32-C51C8AE34018}.Debug|iPhone.ActiveCfg = Debug|Any CPU
		{246B95C6-D7AD-4619-AE32-C51C8AE34018}.Debug|iPhone.Build.0 = Debug|Any CPU
		{246B95C6-D7AD-4619-AE32-C51C8AE34018}.Debug|iPhone.Deploy.0 = Debug|Any CPU
		{246B95C6-D7AD-4619-AE32-C51C8AE34018}.Debug|iPhoneSimulator.ActiveCfg = Debug|Any CPU
		{246B95C6-D7AD-4619-AE32-C51C8AE34018}.Debug|iPhoneSimulator.Build.0 = Debug|Any CPU
		{246B95C6-D7AD-4619-AE32-C51C8AE34018}.Debug|iPhoneSimulator.Deploy.0 = Debug|Any CPU
		{246B95C6-D7AD-4619-AE32-C51C8AE34018}.Debug|x64.ActiveCfg = Debug|Any CPU
		{246B95C6-D7AD-4619-AE32-C51C8AE34018}.Debug|x64.Build.0 = Debug|Any CPU
		{246B95C6-D7AD-4619-AE32-C51C8AE34018}.Debug|x64.Deploy.0 = Debug|Any CPU
		{246B95C6-D7AD-4619-AE32-C51C8AE34018}.Debug|x86.ActiveCfg = Debug|x86
		{246B95C6-D7AD-4619-AE32-C51C8AE34018}.Debug|x86.Build.0 = Debug|x86
		{246B95C6-D7AD-4619-AE32-C51C8AE34018}.Debug|x86.Deploy.0 = Debug|x86
		{246B95C6-D7AD-4619-AE32-C51C8AE34018}.Release|Any CPU.ActiveCfg = Release|Any CPU
		{246B95C6-D7AD-4619-AE32-C51C8AE34018}.Release|Any CPU.Build.0 = Release|Any CPU
		{246B95C6-D7AD-4619-AE32-C51C8AE34018}.Release|Any CPU.Deploy.0 = Release|Any CPU
		{246B95C6-D7AD-4619-AE32-C51C8AE34018}.Release|ARM.ActiveCfg = Release|ARM
		{246B95C6-D7AD-4619-AE32-C51C8AE34018}.Release|ARM.Build.0 = Release|ARM
		{246B95C6-D7AD-4619-AE32-C51C8AE34018}.Release|ARM.Deploy.0 = Release|ARM
		{246B95C6-D7AD-4619-AE32-C51C8AE34018}.Release|iPhone.ActiveCfg = Release|Any CPU
		{246B95C6-D7AD-4619-AE32-C51C8AE34018}.Release|iPhone.Build.0 = Release|Any CPU
		{246B95C6-D7AD-4619-AE32-C51C8AE34018}.Release|iPhone.Deploy.0 = Release|Any CPU
		{246B95C6-D7AD-4619-AE32-C51C8AE34018}.Release|iPhoneSimulator.ActiveCfg = Release|Any CPU
		{246B95C6-D7AD-4619-AE32-C51C8AE34018}.Release|iPhoneSimulator.Build.0 = Release|Any CPU
		{246B95C6-D7AD-4619-AE32-C51C8AE34018}.Release|iPhoneSimulator.Deploy.0 = Release|Any CPU
		{246B95C6-D7AD-4619-AE32-C51C8AE34018}.Release|x64.ActiveCfg = Release|Any CPU
		{246B95C6-D7AD-4619-AE32-C51C8AE34018}.Release|x64.Build.0 = Release|Any CPU
		{246B95C6-D7AD-4619-AE32-C51C8AE34018}.Release|x64.Deploy.0 = Release|Any CPU
		{246B95C6-D7AD-4619-AE32-C51C8AE34018}.Release|x86.ActiveCfg = Release|x86
		{246B95C6-D7AD-4619-AE32-C51C8AE34018}.Release|x86.Build.0 = Release|x86
		{246B95C6-D7AD-4619-AE32-C51C8AE34018}.Release|x86.Deploy.0 = Release|x86
		{973C0EF6-4F27-4C5A-8668-876BCE0E483B}.Ad-Hoc|Any CPU.ActiveCfg = Release|x86
		{973C0EF6-4F27-4C5A-8668-876BCE0E483B}.Ad-Hoc|Any CPU.Build.0 = Release|x86
		{973C0EF6-4F27-4C5A-8668-876BCE0E483B}.Ad-Hoc|Any CPU.Deploy.0 = Release|x86
		{973C0EF6-4F27-4C5A-8668-876BCE0E483B}.Ad-Hoc|ARM.ActiveCfg = Release|ARM
		{973C0EF6-4F27-4C5A-8668-876BCE0E483B}.Ad-Hoc|ARM.Build.0 = Release|ARM
		{973C0EF6-4F27-4C5A-8668-876BCE0E483B}.Ad-Hoc|ARM.Deploy.0 = Release|ARM
		{973C0EF6-4F27-4C5A-8668-876BCE0E483B}.Ad-Hoc|iPhone.ActiveCfg = Release|x86
		{973C0EF6-4F27-4C5A-8668-876BCE0E483B}.Ad-Hoc|iPhone.Build.0 = Release|x86
		{973C0EF6-4F27-4C5A-8668-876BCE0E483B}.Ad-Hoc|iPhone.Deploy.0 = Release|x86
		{973C0EF6-4F27-4C5A-8668-876BCE0E483B}.Ad-Hoc|iPhoneSimulator.ActiveCfg = Release|x86
		{973C0EF6-4F27-4C5A-8668-876BCE0E483B}.Ad-Hoc|iPhoneSimulator.Build.0 = Release|x86
		{973C0EF6-4F27-4C5A-8668-876BCE0E483B}.Ad-Hoc|iPhoneSimulator.Deploy.0 = Release|x86
		{973C0EF6-4F27-4C5A-8668-876BCE0E483B}.Ad-Hoc|x64.ActiveCfg = Release|x64
		{973C0EF6-4F27-4C5A-8668-876BCE0E483B}.Ad-Hoc|x64.Build.0 = Release|x64
		{973C0EF6-4F27-4C5A-8668-876BCE0E483B}.Ad-Hoc|x64.Deploy.0 = Release|x64
		{973C0EF6-4F27-4C5A-8668-876BCE0E483B}.Ad-Hoc|x86.ActiveCfg = Release|x86
		{973C0EF6-4F27-4C5A-8668-876BCE0E483B}.Ad-Hoc|x86.Build.0 = Release|x86
		{973C0EF6-4F27-4C5A-8668-876BCE0E483B}.Ad-Hoc|x86.Deploy.0 = Release|x86
		{973C0EF6-4F27-4C5A-8668-876BCE0E483B}.AppStore|Any CPU.ActiveCfg = Release|x86
		{973C0EF6-4F27-4C5A-8668-876BCE0E483B}.AppStore|Any CPU.Build.0 = Release|x86
		{973C0EF6-4F27-4C5A-8668-876BCE0E483B}.AppStore|Any CPU.Deploy.0 = Release|x86
		{973C0EF6-4F27-4C5A-8668-876BCE0E483B}.AppStore|ARM.ActiveCfg = Release|ARM
		{973C0EF6-4F27-4C5A-8668-876BCE0E483B}.AppStore|ARM.Build.0 = Release|ARM
		{973C0EF6-4F27-4C5A-8668-876BCE0E483B}.AppStore|ARM.Deploy.0 = Release|ARM
		{973C0EF6-4F27-4C5A-8668-876BCE0E483B}.AppStore|iPhone.ActiveCfg = Release|x86
		{973C0EF6-4F27-4C5A-8668-876BCE0E483B}.AppStore|iPhone.Build.0 = Release|x86
		{973C0EF6-4F27-4C5A-8668-876BCE0E483B}.AppStore|iPhone.Deploy.0 = Release|x86
		{973C0EF6-4F27-4C5A-8668-876BCE0E483B}.AppStore|iPhoneSimulator.ActiveCfg = Release|x86
		{973C0EF6-4F27-4C5A-8668-876BCE0E483B}.AppStore|iPhoneSimulator.Build.0 = Release|x86
		{973C0EF6-4F27-4C5A-8668-876BCE0E483B}.AppStore|iPhoneSimulator.Deploy.0 = Release|x86
		{973C0EF6-4F27-4C5A-8668-876BCE0E483B}.AppStore|x64.ActiveCfg = Release|x64
		{973C0EF6-4F27-4C5A-8668-876BCE0E483B}.AppStore|x64.Build.0 = Release|x64
		{973C0EF6-4F27-4C5A-8668-876BCE0E483B}.AppStore|x64.Deploy.0 = Release|x64
		{973C0EF6-4F27-4C5A-8668-876BCE0E483B}.AppStore|x86.ActiveCfg = Release|x86
		{973C0EF6-4F27-4C5A-8668-876BCE0E483B}.AppStore|x86.Build.0 = Release|x86
		{973C0EF6-4F27-4C5A-8668-876BCE0E483B}.AppStore|x86.Deploy.0 = Release|x86
		{973C0EF6-4F27-4C5A-8668-876BCE0E483B}.Debug|Any CPU.ActiveCfg = Debug|x86
		{973C0EF6-4F27-4C5A-8668-876BCE0E483B}.Debug|ARM.ActiveCfg = Debug|ARM
		{973C0EF6-4F27-4C5A-8668-876BCE0E483B}.Debug|ARM.Build.0 = Debug|ARM
		{973C0EF6-4F27-4C5A-8668-876BCE0E483B}.Debug|ARM.Deploy.0 = Debug|ARM
		{973C0EF6-4F27-4C5A-8668-876BCE0E483B}.Debug|iPhone.ActiveCfg = Debug|x86
		{973C0EF6-4F27-4C5A-8668-876BCE0E483B}.Debug|iPhoneSimulator.ActiveCfg = Debug|x86
		{973C0EF6-4F27-4C5A-8668-876BCE0E483B}.Debug|x64.ActiveCfg = Debug|x64
		{973C0EF6-4F27-4C5A-8668-876BCE0E483B}.Debug|x64.Build.0 = Debug|x64
		{973C0EF6-4F27-4C5A-8668-876BCE0E483B}.Debug|x64.Deploy.0 = Debug|x64
		{973C0EF6-4F27-4C5A-8668-876BCE0E483B}.Debug|x86.ActiveCfg = Debug|x86
		{973C0EF6-4F27-4C5A-8668-876BCE0E483B}.Debug|x86.Build.0 = Debug|x86
		{973C0EF6-4F27-4C5A-8668-876BCE0E483B}.Debug|x86.Deploy.0 = Debug|x86
		{973C0EF6-4F27-4C5A-8668-876BCE0E483B}.Release|Any CPU.ActiveCfg = Release|x86
		{973C0EF6-4F27-4C5A-8668-876BCE0E483B}.Release|ARM.ActiveCfg = Release|ARM
		{973C0EF6-4F27-4C5A-8668-876BCE0E483B}.Release|ARM.Build.0 = Release|ARM
		{973C0EF6-4F27-4C5A-8668-876BCE0E483B}.Release|ARM.Deploy.0 = Release|ARM
		{973C0EF6-4F27-4C5A-8668-876BCE0E483B}.Release|iPhone.ActiveCfg = Release|x86
		{973C0EF6-4F27-4C5A-8668-876BCE0E483B}.Release|iPhoneSimulator.ActiveCfg = Release|x86
		{973C0EF6-4F27-4C5A-8668-876BCE0E483B}.Release|x64.ActiveCfg = Release|x64
		{973C0EF6-4F27-4C5A-8668-876BCE0E483B}.Release|x64.Build.0 = Release|x64
		{973C0EF6-4F27-4C5A-8668-876BCE0E483B}.Release|x64.Deploy.0 = Release|x64
		{973C0EF6-4F27-4C5A-8668-876BCE0E483B}.Release|x86.ActiveCfg = Release|x86
		{973C0EF6-4F27-4C5A-8668-876BCE0E483B}.Release|x86.Build.0 = Release|x86
		{973C0EF6-4F27-4C5A-8668-876BCE0E483B}.Release|x86.Deploy.0 = Release|x86
		{FFA58B72-D1B2-416F-B800-012CE3E8EDEA}.Ad-Hoc|Any CPU.ActiveCfg = Release|Any CPU
		{FFA58B72-D1B2-416F-B800-012CE3E8EDEA}.Ad-Hoc|Any CPU.Build.0 = Release|Any CPU
		{FFA58B72-D1B2-416F-B800-012CE3E8EDEA}.Ad-Hoc|Any CPU.Deploy.0 = Release|Any CPU
		{FFA58B72-D1B2-416F-B800-012CE3E8EDEA}.Ad-Hoc|ARM.ActiveCfg = Release|ARM
		{FFA58B72-D1B2-416F-B800-012CE3E8EDEA}.Ad-Hoc|ARM.Build.0 = Release|ARM
		{FFA58B72-D1B2-416F-B800-012CE3E8EDEA}.Ad-Hoc|ARM.Deploy.0 = Release|ARM
		{FFA58B72-D1B2-416F-B800-012CE3E8EDEA}.Ad-Hoc|iPhone.ActiveCfg = Release|Any CPU
		{FFA58B72-D1B2-416F-B800-012CE3E8EDEA}.Ad-Hoc|iPhone.Build.0 = Release|Any CPU
		{FFA58B72-D1B2-416F-B800-012CE3E8EDEA}.Ad-Hoc|iPhone.Deploy.0 = Release|Any CPU
		{FFA58B72-D1B2-416F-B800-012CE3E8EDEA}.Ad-Hoc|iPhoneSimulator.ActiveCfg = Release|Any CPU
		{FFA58B72-D1B2-416F-B800-012CE3E8EDEA}.Ad-Hoc|iPhoneSimulator.Build.0 = Release|Any CPU
		{FFA58B72-D1B2-416F-B800-012CE3E8EDEA}.Ad-Hoc|iPhoneSimulator.Deploy.0 = Release|Any CPU
		{FFA58B72-D1B2-416F-B800-012CE3E8EDEA}.Ad-Hoc|x64.ActiveCfg = Release|x64
		{FFA58B72-D1B2-416F-B800-012CE3E8EDEA}.Ad-Hoc|x64.Build.0 = Release|x64
		{FFA58B72-D1B2-416F-B800-012CE3E8EDEA}.Ad-Hoc|x64.Deploy.0 = Release|x64
		{FFA58B72-D1B2-416F-B800-012CE3E8EDEA}.Ad-Hoc|x86.ActiveCfg = Release|x86
		{FFA58B72-D1B2-416F-B800-012CE3E8EDEA}.Ad-Hoc|x86.Build.0 = Release|x86
		{FFA58B72-D1B2-416F-B800-012CE3E8EDEA}.Ad-Hoc|x86.Deploy.0 = Release|x86
		{FFA58B72-D1B2-416F-B800-012CE3E8EDEA}.AppStore|Any CPU.ActiveCfg = Release|Any CPU
		{FFA58B72-D1B2-416F-B800-012CE3E8EDEA}.AppStore|Any CPU.Build.0 = Release|Any CPU
		{FFA58B72-D1B2-416F-B800-012CE3E8EDEA}.AppStore|Any CPU.Deploy.0 = Release|Any CPU
		{FFA58B72-D1B2-416F-B800-012CE3E8EDEA}.AppStore|ARM.ActiveCfg = Release|ARM
		{FFA58B72-D1B2-416F-B800-012CE3E8EDEA}.AppStore|ARM.Build.0 = Release|ARM
		{FFA58B72-D1B2-416F-B800-012CE3E8EDEA}.AppStore|ARM.Deploy.0 = Release|ARM
		{FFA58B72-D1B2-416F-B800-012CE3E8EDEA}.AppStore|iPhone.ActiveCfg = Release|Any CPU
		{FFA58B72-D1B2-416F-B800-012CE3E8EDEA}.AppStore|iPhone.Build.0 = Release|Any CPU
		{FFA58B72-D1B2-416F-B800-012CE3E8EDEA}.AppStore|iPhone.Deploy.0 = Release|Any CPU
		{FFA58B72-D1B2-416F-B800-012CE3E8EDEA}.AppStore|iPhoneSimulator.ActiveCfg = Release|Any CPU
		{FFA58B72-D1B2-416F-B800-012CE3E8EDEA}.AppStore|iPhoneSimulator.Build.0 = Release|Any CPU
		{FFA58B72-D1B2-416F-B800-012CE3E8EDEA}.AppStore|iPhoneSimulator.Deploy.0 = Release|Any CPU
		{FFA58B72-D1B2-416F-B800-012CE3E8EDEA}.AppStore|x64.ActiveCfg = Release|x64
		{FFA58B72-D1B2-416F-B800-012CE3E8EDEA}.AppStore|x64.Build.0 = Release|x64
		{FFA58B72-D1B2-416F-B800-012CE3E8EDEA}.AppStore|x64.Deploy.0 = Release|x64
		{FFA58B72-D1B2-416F-B800-012CE3E8EDEA}.AppStore|x86.ActiveCfg = Release|x86
		{FFA58B72-D1B2-416F-B800-012CE3E8EDEA}.AppStore|x86.Build.0 = Release|x86
		{FFA58B72-D1B2-416F-B800-012CE3E8EDEA}.AppStore|x86.Deploy.0 = Release|x86
		{FFA58B72-D1B2-416F-B800-012CE3E8EDEA}.Debug|Any CPU.ActiveCfg = Debug|Any CPU
		{FFA58B72-D1B2-416F-B800-012CE3E8EDEA}.Debug|Any CPU.Build.0 = Debug|Any CPU
		{FFA58B72-D1B2-416F-B800-012CE3E8EDEA}.Debug|Any CPU.Deploy.0 = Debug|Any CPU
		{FFA58B72-D1B2-416F-B800-012CE3E8EDEA}.Debug|ARM.ActiveCfg = Debug|ARM
		{FFA58B72-D1B2-416F-B800-012CE3E8EDEA}.Debug|ARM.Build.0 = Debug|ARM
		{FFA58B72-D1B2-416F-B800-012CE3E8EDEA}.Debug|ARM.Deploy.0 = Debug|ARM
		{FFA58B72-D1B2-416F-B800-012CE3E8EDEA}.Debug|iPhone.ActiveCfg = Debug|Any CPU
		{FFA58B72-D1B2-416F-B800-012CE3E8EDEA}.Debug|iPhone.Build.0 = Debug|Any CPU
		{FFA58B72-D1B2-416F-B800-012CE3E8EDEA}.Debug|iPhone.Deploy.0 = Debug|Any CPU
		{FFA58B72-D1B2-416F-B800-012CE3E8EDEA}.Debug|iPhoneSimulator.ActiveCfg = Debug|Any CPU
		{FFA58B72-D1B2-416F-B800-012CE3E8EDEA}.Debug|iPhoneSimulator.Build.0 = Debug|Any CPU
		{FFA58B72-D1B2-416F-B800-012CE3E8EDEA}.Debug|iPhoneSimulator.Deploy.0 = Debug|Any CPU
		{FFA58B72-D1B2-416F-B800-012CE3E8EDEA}.Debug|x64.ActiveCfg = Debug|x64
		{FFA58B72-D1B2-416F-B800-012CE3E8EDEA}.Debug|x64.Build.0 = Debug|x64
		{FFA58B72-D1B2-416F-B800-012CE3E8EDEA}.Debug|x64.Deploy.0 = Debug|x64
		{FFA58B72-D1B2-416F-B800-012CE3E8EDEA}.Debug|x86.ActiveCfg = Debug|x86
		{FFA58B72-D1B2-416F-B800-012CE3E8EDEA}.Debug|x86.Build.0 = Debug|x86
		{FFA58B72-D1B2-416F-B800-012CE3E8EDEA}.Debug|x86.Deploy.0 = Debug|x86
		{FFA58B72-D1B2-416F-B800-012CE3E8EDEA}.Release|Any CPU.ActiveCfg = Release|Any CPU
		{FFA58B72-D1B2-416F-B800-012CE3E8EDEA}.Release|Any CPU.Build.0 = Release|Any CPU
		{FFA58B72-D1B2-416F-B800-012CE3E8EDEA}.Release|Any CPU.Deploy.0 = Release|Any CPU
		{FFA58B72-D1B2-416F-B800-012CE3E8EDEA}.Release|ARM.ActiveCfg = Release|ARM
		{FFA58B72-D1B2-416F-B800-012CE3E8EDEA}.Release|ARM.Build.0 = Release|ARM
		{FFA58B72-D1B2-416F-B800-012CE3E8EDEA}.Release|ARM.Deploy.0 = Release|ARM
		{FFA58B72-D1B2-416F-B800-012CE3E8EDEA}.Release|iPhone.ActiveCfg = Release|Any CPU
		{FFA58B72-D1B2-416F-B800-012CE3E8EDEA}.Release|iPhone.Build.0 = Release|Any CPU
		{FFA58B72-D1B2-416F-B800-012CE3E8EDEA}.Release|iPhone.Deploy.0 = Release|Any CPU
		{FFA58B72-D1B2-416F-B800-012CE3E8EDEA}.Release|iPhoneSimulator.ActiveCfg = Release|Any CPU
		{FFA58B72-D1B2-416F-B800-012CE3E8EDEA}.Release|iPhoneSimulator.Build.0 = Release|Any CPU
		{FFA58B72-D1B2-416F-B800-012CE3E8EDEA}.Release|iPhoneSimulator.Deploy.0 = Release|Any CPU
		{FFA58B72-D1B2-416F-B800-012CE3E8EDEA}.Release|x64.ActiveCfg = Release|x64
		{FFA58B72-D1B2-416F-B800-012CE3E8EDEA}.Release|x64.Build.0 = Release|x64
		{FFA58B72-D1B2-416F-B800-012CE3E8EDEA}.Release|x64.Deploy.0 = Release|x64
		{FFA58B72-D1B2-416F-B800-012CE3E8EDEA}.Release|x86.ActiveCfg = Release|x86
		{FFA58B72-D1B2-416F-B800-012CE3E8EDEA}.Release|x86.Build.0 = Release|x86
		{FFA58B72-D1B2-416F-B800-012CE3E8EDEA}.Release|x86.Deploy.0 = Release|x86
		{0036DB49-F541-4C8E-A4C2-A6D5C4E9C77F}.Ad-Hoc|Any CPU.ActiveCfg = Release|Any CPU
		{0036DB49-F541-4C8E-A4C2-A6D5C4E9C77F}.Ad-Hoc|Any CPU.Build.0 = Release|Any CPU
		{0036DB49-F541-4C8E-A4C2-A6D5C4E9C77F}.Ad-Hoc|ARM.ActiveCfg = Release|Any CPU
		{0036DB49-F541-4C8E-A4C2-A6D5C4E9C77F}.Ad-Hoc|ARM.Build.0 = Release|Any CPU
		{0036DB49-F541-4C8E-A4C2-A6D5C4E9C77F}.Ad-Hoc|iPhone.ActiveCfg = Release|Any CPU
		{0036DB49-F541-4C8E-A4C2-A6D5C4E9C77F}.Ad-Hoc|iPhone.Build.0 = Release|Any CPU
		{0036DB49-F541-4C8E-A4C2-A6D5C4E9C77F}.Ad-Hoc|iPhoneSimulator.ActiveCfg = Release|Any CPU
		{0036DB49-F541-4C8E-A4C2-A6D5C4E9C77F}.Ad-Hoc|iPhoneSimulator.Build.0 = Release|Any CPU
		{0036DB49-F541-4C8E-A4C2-A6D5C4E9C77F}.Ad-Hoc|x64.ActiveCfg = Release|Any CPU
		{0036DB49-F541-4C8E-A4C2-A6D5C4E9C77F}.Ad-Hoc|x64.Build.0 = Release|Any CPU
		{0036DB49-F541-4C8E-A4C2-A6D5C4E9C77F}.Ad-Hoc|x86.ActiveCfg = Release|Any CPU
		{0036DB49-F541-4C8E-A4C2-A6D5C4E9C77F}.Ad-Hoc|x86.Build.0 = Release|Any CPU
		{0036DB49-F541-4C8E-A4C2-A6D5C4E9C77F}.AppStore|Any CPU.ActiveCfg = Release|Any CPU
		{0036DB49-F541-4C8E-A4C2-A6D5C4E9C77F}.AppStore|Any CPU.Build.0 = Release|Any CPU
		{0036DB49-F541-4C8E-A4C2-A6D5C4E9C77F}.AppStore|ARM.ActiveCfg = Release|Any CPU
		{0036DB49-F541-4C8E-A4C2-A6D5C4E9C77F}.AppStore|ARM.Build.0 = Release|Any CPU
		{0036DB49-F541-4C8E-A4C2-A6D5C4E9C77F}.AppStore|iPhone.ActiveCfg = Release|Any CPU
		{0036DB49-F541-4C8E-A4C2-A6D5C4E9C77F}.AppStore|iPhone.Build.0 = Release|Any CPU
		{0036DB49-F541-4C8E-A4C2-A6D5C4E9C77F}.AppStore|iPhoneSimulator.ActiveCfg = Release|Any CPU
		{0036DB49-F541-4C8E-A4C2-A6D5C4E9C77F}.AppStore|iPhoneSimulator.Build.0 = Release|Any CPU
		{0036DB49-F541-4C8E-A4C2-A6D5C4E9C77F}.AppStore|x64.ActiveCfg = Release|Any CPU
		{0036DB49-F541-4C8E-A4C2-A6D5C4E9C77F}.AppStore|x64.Build.0 = Release|Any CPU
		{0036DB49-F541-4C8E-A4C2-A6D5C4E9C77F}.AppStore|x86.ActiveCfg = Release|Any CPU
		{0036DB49-F541-4C8E-A4C2-A6D5C4E9C77F}.AppStore|x86.Build.0 = Release|Any CPU
		{0036DB49-F541-4C8E-A4C2-A6D5C4E9C77F}.Debug|Any CPU.ActiveCfg = Debug|Any CPU
		{0036DB49-F541-4C8E-A4C2-A6D5C4E9C77F}.Debug|Any CPU.Build.0 = Debug|Any CPU
		{0036DB49-F541-4C8E-A4C2-A6D5C4E9C77F}.Debug|ARM.ActiveCfg = Debug|Any CPU
		{0036DB49-F541-4C8E-A4C2-A6D5C4E9C77F}.Debug|ARM.Build.0 = Debug|Any CPU
		{0036DB49-F541-4C8E-A4C2-A6D5C4E9C77F}.Debug|iPhone.ActiveCfg = Debug|Any CPU
		{0036DB49-F541-4C8E-A4C2-A6D5C4E9C77F}.Debug|iPhone.Build.0 = Debug|Any CPU
		{0036DB49-F541-4C8E-A4C2-A6D5C4E9C77F}.Debug|iPhoneSimulator.ActiveCfg = Debug|Any CPU
		{0036DB49-F541-4C8E-A4C2-A6D5C4E9C77F}.Debug|iPhoneSimulator.Build.0 = Debug|Any CPU
		{0036DB49-F541-4C8E-A4C2-A6D5C4E9C77F}.Debug|x64.ActiveCfg = Debug|Any CPU
		{0036DB49-F541-4C8E-A4C2-A6D5C4E9C77F}.Debug|x64.Build.0 = Debug|Any CPU
		{0036DB49-F541-4C8E-A4C2-A6D5C4E9C77F}.Debug|x86.ActiveCfg = Debug|Any CPU
		{0036DB49-F541-4C8E-A4C2-A6D5C4E9C77F}.Debug|x86.Build.0 = Debug|Any CPU
		{0036DB49-F541-4C8E-A4C2-A6D5C4E9C77F}.Release|Any CPU.ActiveCfg = Release|Any CPU
		{0036DB49-F541-4C8E-A4C2-A6D5C4E9C77F}.Release|Any CPU.Build.0 = Release|Any CPU
		{0036DB49-F541-4C8E-A4C2-A6D5C4E9C77F}.Release|ARM.ActiveCfg = Release|Any CPU
		{0036DB49-F541-4C8E-A4C2-A6D5C4E9C77F}.Release|ARM.Build.0 = Release|Any CPU
		{0036DB49-F541-4C8E-A4C2-A6D5C4E9C77F}.Release|iPhone.ActiveCfg = Release|Any CPU
		{0036DB49-F541-4C8E-A4C2-A6D5C4E9C77F}.Release|iPhone.Build.0 = Release|Any CPU
		{0036DB49-F541-4C8E-A4C2-A6D5C4E9C77F}.Release|iPhoneSimulator.ActiveCfg = Release|Any CPU
		{0036DB49-F541-4C8E-A4C2-A6D5C4E9C77F}.Release|iPhoneSimulator.Build.0 = Release|Any CPU
		{0036DB49-F541-4C8E-A4C2-A6D5C4E9C77F}.Release|x64.ActiveCfg = Release|Any CPU
		{0036DB49-F541-4C8E-A4C2-A6D5C4E9C77F}.Release|x64.Build.0 = Release|Any CPU
		{0036DB49-F541-4C8E-A4C2-A6D5C4E9C77F}.Release|x86.ActiveCfg = Release|Any CPU
		{0036DB49-F541-4C8E-A4C2-A6D5C4E9C77F}.Release|x86.Build.0 = Release|Any CPU
	EndGlobalSection
	GlobalSection(SolutionProperties) = preSolution
		HideSolutionNode = FALSE
	EndGlobalSection
EndGlobal
