
Microsoft Visual Studio Solution File, Format Version 12.00
# Visual Studio 14
VisualStudioVersion = 14.0.25420.1
MinimumVisualStudioVersion = 10.0.40219.1
Project("{2150E333-8FDC-42A3-9474-1A3956D46DE8}") = "STS", "STS", "{F9664945-584A-475A-B5AC-C694BAC872F1}"
EndProject
Project("{FAE04EC0-301F-11D3-BF4B-00C04F79EFBC}") = "IdentityServer", "IdentityServer\IdentityServer.csproj", "{FBD3CF6A-CDE8-4347-9BEF-9EC877037C9F}"
EndProject
Project("{FAE04EC0-301F-11D3-BF4B-00C04F79EFBC}") = "CustomUserStore", "CustomUserStore\CustomUserStore.csproj", "{AF16745E-BF24-49A7-82DF-0FB7589E98FE}"
EndProject
Global
	GlobalSection(SolutionConfigurationPlatforms) = preSolution
		Debug|Any CPU = Debug|Any CPU
		Release|Any CPU = Release|Any CPU
	EndGlobalSection
	GlobalSection(ProjectConfigurationPlatforms) = postSolution
		{FBD3CF6A-CDE8-4347-9BEF-9EC877037C9F}.Debug|Any CPU.ActiveCfg = Debug|Any CPU
		{FBD3CF6A-CDE8-4347-9BEF-9EC877037C9F}.Debug|Any CPU.Build.0 = Debug|Any CPU
		{FBD3CF6A-CDE8-4347-9BEF-9EC877037C9F}.Release|Any CPU.ActiveCfg = Release|Any CPU
		{FBD3CF6A-CDE8-4347-9BEF-9EC877037C9F}.Release|Any CPU.Build.0 = Release|Any CPU
		{AF16745E-BF24-49A7-82DF-0FB7589E98FE}.Debug|Any CPU.ActiveCfg = Debug|Any CPU
		{AF16745E-BF24-49A7-82DF-0FB7589E98FE}.Debug|Any CPU.Build.0 = Debug|Any CPU
		{AF16745E-BF24-49A7-82DF-0FB7589E98FE}.Release|Any CPU.ActiveCfg = Release|Any CPU
		{AF16745E-BF24-49A7-82DF-0FB7589E98FE}.Release|Any CPU.Build.0 = Release|Any CPU
	EndGlobalSection
	GlobalSection(SolutionProperties) = preSolution
		HideSolutionNode = FALSE
	EndGlobalSection
	GlobalSection(NestedProjects) = preSolution
		{FBD3CF6A-CDE8-4347-9BEF-9EC877037C9F} = {F9664945-584A-475A-B5AC-C694BAC872F1}
		{AF16745E-BF24-49A7-82DF-0FB7589E98FE} = {F9664945-584A-475A-B5AC-C694BAC872F1}
	EndGlobalSection
EndGlobal
